
Microsoft Visual Studio Solution File, Format Version 12.00
# Visual Studio Version 16
VisualStudioVersion = 16.0.29911.84
MinimumVisualStudioVersion = 10.0.40219.1
Project("{FAE04EC0-301F-11D3-BF4B-00C04F79EFBC}") = "SearchAPILib", "Framework\SearchAPILib.csproj", "{D423057B-69DE-4E26-AC09-86F890EF1D3B}"
EndProject
Project("{FAE04EC0-301F-11D3-BF4B-00C04F79EFBC}") = "MicrosoftSearchAPILib", "Core\MicrosoftSearchAPILib\MicrosoftSearchAPILib.csproj", "{33C57CC8-BF43-4360-A211-7BE18BD3FF8F}"
EndProject
Global
	GlobalSection(SolutionConfigurationPlatforms) = preSolution
		Debug|Any CPU = Debug|Any CPU
		Debug|x86 = Debug|x86
		Release|Any CPU = Release|Any CPU
		Release|x86 = Release|x86
	EndGlobalSection
	GlobalSection(ProjectConfigurationPlatforms) = postSolution
		{D423057B-69DE-4E26-AC09-86F890EF1D3B}.Debug|Any CPU.ActiveCfg = Debug|x86
		{D423057B-69DE-4E26-AC09-86F890EF1D3B}.Debug|x86.ActiveCfg = Debug|x86
		{D423057B-69DE-4E26-AC09-86F890EF1D3B}.Debug|x86.Build.0 = Debug|x86
		{D423057B-69DE-4E26-AC09-86F890EF1D3B}.Release|Any CPU.ActiveCfg = Release|x86
		{D423057B-69DE-4E26-AC09-86F890EF1D3B}.Release|x86.ActiveCfg = Release|x86
		{D423057B-69DE-4E26-AC09-86F890EF1D3B}.Release|x86.Build.0 = Release|x86
		{33C57CC8-BF43-4360-A211-7BE18BD3FF8F}.Debug|Any CPU.ActiveCfg = Debug|Any CPU
		{33C57CC8-BF43-4360-A211-7BE18BD3FF8F}.Debug|Any CPU.Build.0 = Debug|Any CPU
		{33C57CC8-BF43-4360-A211-7BE18BD3FF8F}.Debug|x86.ActiveCfg = Debug|Any CPU
		{33C57CC8-BF43-4360-A211-7BE18BD3FF8F}.Debug|x86.Build.0 = Debug|Any CPU
		{33C57CC8-BF43-4360-A211-7BE18BD3FF8F}.Release|Any CPU.ActiveCfg = Release|Any CPU
		{33C57CC8-BF43-4360-A211-7BE18BD3FF8F}.Release|Any CPU.Build.0 = Release|Any CPU
		{33C57CC8-BF43-4360-A211-7BE18BD3FF8F}.Release|x86.ActiveCfg = Release|Any CPU
		{33C57CC8-BF43-4360-A211-7BE18BD3FF8F}.Release|x86.Build.0 = Release|Any CPU
	EndGlobalSection
	GlobalSection(SolutionProperties) = preSolution
		HideSolutionNode = FALSE
	EndGlobalSection
	GlobalSection(ExtensibilityGlobals) = postSolution
		SolutionGuid = {F088F623-DA81-4E8C-BF2E-4B31B5ACEFD9}
	EndGlobalSection
EndGlobal
